
Microsoft Visual Studio Solution File, Format Version 12.00
# Visual Studio Version 17
VisualStudioVersion = 17.0.32014.148
MinimumVisualStudioVersion = 10.0.40219.1
Project("{9A19103F-16F7-4668-BE54-9A1E7A4F7556}") = "ChatBot", "ChatBot\ChatBot.csproj", "{5E6AB3DC-8DF0-48E6-A28D-13F88C57DAA6}"
EndProject
Project("{9A19103F-16F7-4668-BE54-9A1E7A4F7556}") = "Infrastructure.Telegram", "Infrastructure.Telegram\Infrastructure.Telegram.csproj", "{867806C7-39C9-4510-8DE7-9FC8C7ADD5ED}"
EndProject
Project("{9A19103F-16F7-4668-BE54-9A1E7A4F7556}") = "Infrastructure.Directus", "Infrastructure.Directus\Infrastructure.Directus.csproj", "{C04BA63B-5B6C-435C-824D-AA80EBBE50F5}"
EndProject
Project("{9A19103F-16F7-4668-BE54-9A1E7A4F7556}") = "Infrastructure", "Infrastructure\Infrastructure.csproj", "{CFAA4C93-F5DD-4E49-B350-BC7DEB6EA99A}"
EndProject
Project("{9A19103F-16F7-4668-BE54-9A1E7A4F7556}") = "ChatBotTests", "ChatBotTests\ChatBotTests.csproj", "{AFD18F63-E242-432A-8825-7E58F9D1BFC0}"
EndProject
Project("{FAE04EC0-301F-11D3-BF4B-00C04F79EFBC}") = "InfrastructureTests", "InfrastructureTests\InfrastructureTests.csproj", "{4377C666-C764-497E-8E35-B14D055C0C93}"
EndProject
Project("{2150E333-8FDC-42A3-9474-1A3956D46DE8}") = "Tests", "Tests", "{7C781185-F1AE-4DD2-A908-1B1330A4CE01}"
EndProject
Project("{FAE04EC0-301F-11D3-BF4B-00C04F79EFBC}") = "Infarastructure.DirestusTests", "Infarastructure.DirestusTests\Infarastructure.DirestusTests.csproj", "{0C834E0C-2DA0-4201-ACA1-614850949673}"
EndProject
Project("{FAE04EC0-301F-11D3-BF4B-00C04F79EFBC}") = "Infrastructure.TelegramTests", "Infrastructure.TelegramTests\Infrastructure.TelegramTests.csproj", "{4317D080-0DBC-4541-BCDD-568F9E8C04D7}"
EndProject
Global
	GlobalSection(SolutionConfigurationPlatforms) = preSolution
		Debug|Any CPU = Debug|Any CPU
		Release|Any CPU = Release|Any CPU
	EndGlobalSection
	GlobalSection(ProjectConfigurationPlatforms) = postSolution
		{5E6AB3DC-8DF0-48E6-A28D-13F88C57DAA6}.Debug|Any CPU.ActiveCfg = Debug|Any CPU
		{5E6AB3DC-8DF0-48E6-A28D-13F88C57DAA6}.Debug|Any CPU.Build.0 = Debug|Any CPU
		{5E6AB3DC-8DF0-48E6-A28D-13F88C57DAA6}.Release|Any CPU.ActiveCfg = Release|Any CPU
		{5E6AB3DC-8DF0-48E6-A28D-13F88C57DAA6}.Release|Any CPU.Build.0 = Release|Any CPU
		{867806C7-39C9-4510-8DE7-9FC8C7ADD5ED}.Debug|Any CPU.ActiveCfg = Debug|Any CPU
		{867806C7-39C9-4510-8DE7-9FC8C7ADD5ED}.Debug|Any CPU.Build.0 = Debug|Any CPU
		{867806C7-39C9-4510-8DE7-9FC8C7ADD5ED}.Release|Any CPU.ActiveCfg = Release|Any CPU
		{867806C7-39C9-4510-8DE7-9FC8C7ADD5ED}.Release|Any CPU.Build.0 = Release|Any CPU
		{C04BA63B-5B6C-435C-824D-AA80EBBE50F5}.Debug|Any CPU.ActiveCfg = Debug|Any CPU
		{C04BA63B-5B6C-435C-824D-AA80EBBE50F5}.Debug|Any CPU.Build.0 = Debug|Any CPU
		{C04BA63B-5B6C-435C-824D-AA80EBBE50F5}.Release|Any CPU.ActiveCfg = Release|Any CPU
		{C04BA63B-5B6C-435C-824D-AA80EBBE50F5}.Release|Any CPU.Build.0 = Release|Any CPU
		{CFAA4C93-F5DD-4E49-B350-BC7DEB6EA99A}.Debug|Any CPU.ActiveCfg = Debug|Any CPU
		{CFAA4C93-F5DD-4E49-B350-BC7DEB6EA99A}.Debug|Any CPU.Build.0 = Debug|Any CPU
		{CFAA4C93-F5DD-4E49-B350-BC7DEB6EA99A}.Release|Any CPU.ActiveCfg = Release|Any CPU
		{CFAA4C93-F5DD-4E49-B350-BC7DEB6EA99A}.Release|Any CPU.Build.0 = Release|Any CPU
		{AFD18F63-E242-432A-8825-7E58F9D1BFC0}.Debug|Any CPU.ActiveCfg = Debug|Any CPU
		{AFD18F63-E242-432A-8825-7E58F9D1BFC0}.Debug|Any CPU.Build.0 = Debug|Any CPU
		{AFD18F63-E242-432A-8825-7E58F9D1BFC0}.Release|Any CPU.ActiveCfg = Release|Any CPU
		{AFD18F63-E242-432A-8825-7E58F9D1BFC0}.Release|Any CPU.Build.0 = Release|Any CPU
		{4377C666-C764-497E-8E35-B14D055C0C93}.Debug|Any CPU.ActiveCfg = Debug|Any CPU
		{4377C666-C764-497E-8E35-B14D055C0C93}.Debug|Any CPU.Build.0 = Debug|Any CPU
		{4377C666-C764-497E-8E35-B14D055C0C93}.Release|Any CPU.ActiveCfg = Release|Any CPU
		{4377C666-C764-497E-8E35-B14D055C0C93}.Release|Any CPU.Build.0 = Release|Any CPU
		{0C834E0C-2DA0-4201-ACA1-614850949673}.Debug|Any CPU.ActiveCfg = Debug|Any CPU
		{0C834E0C-2DA0-4201-ACA1-614850949673}.Debug|Any CPU.Build.0 = Debug|Any CPU
		{0C834E0C-2DA0-4201-ACA1-614850949673}.Release|Any CPU.ActiveCfg = Release|Any CPU
		{0C834E0C-2DA0-4201-ACA1-614850949673}.Release|Any CPU.Build.0 = Release|Any CPU
		{4317D080-0DBC-4541-BCDD-568F9E8C04D7}.Debug|Any CPU.ActiveCfg = Debug|Any CPU
		{4317D080-0DBC-4541-BCDD-568F9E8C04D7}.Debug|Any CPU.Build.0 = Debug|Any CPU
		{4317D080-0DBC-4541-BCDD-568F9E8C04D7}.Release|Any CPU.ActiveCfg = Release|Any CPU
		{4317D080-0DBC-4541-BCDD-568F9E8C04D7}.Release|Any CPU.Build.0 = Release|Any CPU
	EndGlobalSection
	GlobalSection(SolutionProperties) = preSolution
		HideSolutionNode = FALSE
	EndGlobalSection
	GlobalSection(NestedProjects) = preSolution
		{AFD18F63-E242-432A-8825-7E58F9D1BFC0} = {7C781185-F1AE-4DD2-A908-1B1330A4CE01}
		{4377C666-C764-497E-8E35-B14D055C0C93} = {7C781185-F1AE-4DD2-A908-1B1330A4CE01}
		{0C834E0C-2DA0-4201-ACA1-614850949673} = {7C781185-F1AE-4DD2-A908-1B1330A4CE01}
		{4317D080-0DBC-4541-BCDD-568F9E8C04D7} = {7C781185-F1AE-4DD2-A908-1B1330A4CE01}
	EndGlobalSection
	GlobalSection(ExtensibilityGlobals) = postSolution
		SolutionGuid = {641BA780-74FD-48F9-9A5D-5C49295BEA3B}
	EndGlobalSection
EndGlobal
